<?xml version="1.0" encoding="utf-8"?>
<Project ToolsVersion="4.0" xmlns="http://schemas.microsoft.com/developer/msbuild/2003">
  <ItemGroup>
    <Filter Include="Source Files">
      <UniqueIdentifier>{4FC737F1-C7A5-4376-A066-2A32D752A2FF}</UniqueIdentifier>
      <Extensions>cpp;c;cc;cxx;def;odl;idl;hpj;bat;asm;asmx</Extensions>
    </Filter>
    <Filter Include="Header Files">
      <UniqueIdentifier>{93995380-89BD-4b04-88EB-625FBE52EBFB}</UniqueIdentifier>
      <Extensions>h;hh;hpp;hxx;hm;inl;inc;xsd</Extensions>
    </Filter>
    <Filter Include="Resource Files">
      <UniqueIdentifier>{67DA6AB6-F800-4c08-8B7A-83BB121AAD01}</UniqueIdentifier>
      <Extensions>rc;ico;cur;bmp;dlg;rc2;rct;bin;rgs;gif;jpg;jpeg;jpe;resx;tiff;tif;png;wav;mfcribbon-ms</Extensions>
    </Filter>
    <Filter Include="Header Files\Tetraminoes">
      <UniqueIdentifier>{8907ee48-d9d2-4721-976c-1a1dce63bf70}</UniqueIdentifier>
    </Filter>
    <Filter Include="Source Files\Tetraminoes">
      <UniqueIdentifier>{d4c45215-7bf5-4753-9264-62f8cc2a1bc5}</UniqueIdentifier>
    </Filter>
  </ItemGroup>
  <ItemGroup>
    <ClCompile Include="Grid.cpp">
      <Filter>Source Files</Filter>
    </ClCompile>
    <ClCompile Include="Quadris.cpp">
      <Filter>Source Files</Filter>
    </ClCompile>
    <ClCompile Include="Texture.cpp">
      <Filter>Source Files</Filter>
    </ClCompile>
    <ClCompile Include="Game.cpp">
      <Filter>Source Files</Filter>
    </ClCompile>
    <ClCompile Include="TextureFactory.cpp">
      <Filter>Source Files</Filter>
    </ClCompile>
    <ClCompile Include="Crate.cpp">
      <Filter>Source Files\Tetraminoes</Filter>
    </ClCompile>
    <ClCompile Include="LeftL.cpp">
      <Filter>Source Files\Tetraminoes</Filter>
    </ClCompile>
    <ClCompile Include="LeftStep.cpp">
      <Filter>Source Files\Tetraminoes</Filter>
    </ClCompile>
    <ClCompile Include="RightL.cpp">
      <Filter>Source Files\Tetraminoes</Filter>
    </ClCompile>
    <ClCompile Include="RightStep.cpp">
      <Filter>Source Files\Tetraminoes</Filter>
    </ClCompile>
    <ClCompile Include="Slab.cpp">
      <Filter>Source Files\Tetraminoes</Filter>
    </ClCompile>
    <ClCompile Include="Tetramino.cpp">
      <Filter>Source Files\Tetraminoes</Filter>
    </ClCompile>
    <ClCompile Include="VictoryStand.cpp">
      <Filter>Source Files\Tetraminoes</Filter>
    </ClCompile>
  </ItemGroup>
  <ItemGroup>
    <ClInclude Include="Grid.h">
      <Filter>Header Files</Filter>
    </ClInclude>
    <ClInclude Include="Colour.h">
      <Filter>Header Files</Filter>
    </ClInclude>
    <ClInclude Include="Point.h">
      <Filter>Header Files</Filter>
    </ClInclude>
    <ClInclude Include="Texture.h">
      <Filter>Header Files</Filter>
    </ClInclude>
    <ClInclude Include="Game.h">
      <Filter>Header Files</Filter>
    </ClInclude>
    <ClInclude Include="TextureFactory.h">
      <Filter>Header Files</Filter>
    </ClInclude>
    <ClInclude Include="Timer.h">
      <Filter>Header Files</Filter>
    </ClInclude>
    <ClInclude Include="Crate.h">
      <Filter>Header Files\Tetraminoes</Filter>
    </ClInclude>
    <ClInclude Include="LeftL.h">
      <Filter>Header Files\Tetraminoes</Filter>
    </ClInclude>
    <ClInclude Include="LeftStep.h">
      <Filter>Header Files\Tetraminoes</Filter>
    </ClInclude>
    <ClInclude Include="RightL.h">
      <Filter>Header Files\Tetraminoes</Filter>
    </ClInclude>
    <ClInclude Include="RightStep.h">
      <Filter>Header Files\Tetraminoes</Filter>
    </ClInclude>
    <ClInclude Include="Tetramino.h">
      <Filter>Header Files\Tetraminoes</Filter>
    </ClInclude>
    <ClInclude Include="Slab.h">
      <Filter>Header Files\Tetraminoes</Filter>
    </ClInclude>
    <ClInclude Include="VictoryStand.h">
      <Filter>Header Files\Tetraminoes</Filter>
    </ClInclude>
  </ItemGroup>
</Project>